
Microsoft Visual Studio Solution File, Format Version 12.00
# Visual Studio Version 17
VisualStudioVersion = 17.0.32014.148
MinimumVisualStudioVersion = 10.0.40219.1
Project("{FAE04EC0-301F-11D3-BF4B-00C04F79EFBC}") = "Horrible", "Horrible\Horrible.csproj", "{4C345CDF-E6D1-4F88-8923-73571F23D031}"
EndProject
Global
	GlobalSection(SolutionConfigurationPlatforms) = preSolution
		Debug|Any CPU = Debug|Any CPU
		Release|Any CPU = Release|Any CPU
	EndGlobalSection
	GlobalSection(ProjectConfigurationPlatforms) = postSolution
		{4C345CDF-E6D1-4F88-8923-73571F23D031}.Debug|Any CPU.ActiveCfg = Debug|Any CPU
		{4C345CDF-E6D1-4F88-8923-73571F23D031}.Debug|Any CPU.Build.0 = Debug|Any CPU
		{4C345CDF-E6D1-4F88-8923-73571F23D031}.Release|Any CPU.ActiveCfg = Release|Any CPU
		{4C345CDF-E6D1-4F88-8923-73571F23D031}.Release|Any CPU.Build.0 = Release|Any CPU
	EndGlobalSection
	GlobalSection(SolutionProperties) = preSolution
		HideSolutionNode = FALSE
	EndGlobalSection
	GlobalSection(ExtensibilityGlobals) = postSolution
		SolutionGuid = {49E53746-95A5-476F-AB74-1B42C49CCB9F}
	EndGlobalSection
EndGlobal
